
Microsoft Visual Studio Solution File, Format Version 12.00
# Visual Studio 2012
Project("{FAE04EC0-301F-11D3-BF4B-00C04F79EFBC}") = "Watermelon", "Watermelon\Watermelon.csproj", "{F16A9269-3848-45F3-AA2B-074B4EDC685F}"
EndProject
Project("{FAE04EC0-301F-11D3-BF4B-00C04F79EFBC}") = "WayTooLongWords", "WayTooLongWords\WayTooLongWords.csproj", "{8732FB8A-DD23-40A8-A34C-3A34D9BBDA59}"
EndProject
Project("{FAE04EC0-301F-11D3-BF4B-00C04F79EFBC}") = "StringTask", "StringTask\StringTask.csproj", "{0EA8EC8E-CAAC-4FFA-8A04-2E0E8BF7BE50}"
EndProject
Project("{FAE04EC0-301F-11D3-BF4B-00C04F79EFBC}") = "PetyaAndStrings", "PetyaAndStrings\PetyaAndStrings.csproj", "{7071F8DE-D3AE-4D8F-9005-E66EF9C0E381}"
EndProject
Project("{FAE04EC0-301F-11D3-BF4B-00C04F79EFBC}") = "HelpfulMaths", "HelpfulMaths\HelpfulMaths.csproj", "{DB41F536-DB01-4A44-8A6C-CB407B8A8504}"
EndProject
Project("{FAE04EC0-301F-11D3-BF4B-00C04F79EFBC}") = "Twins", "Twins\Twins.csproj", "{56A6DBDC-33E0-4FD3-8A31-FDB08406BB17}"
EndProject
Project("{FAE04EC0-301F-11D3-BF4B-00C04F79EFBC}") = "ChatRoom", "ChatRoom\ChatRoom.csproj", "{B4DF9C98-24E3-4285-8EA9-DCD629701CE5}"
EndProject
Project("{FAE04EC0-301F-11D3-BF4B-00C04F79EFBC}") = "LuckyDivision", "LuckyDivision\LuckyDivision.csproj", "{EFD74C64-B42B-42B0-AD58-8F260C4E7D70}"
EndProject
Project("{FAE04EC0-301F-11D3-BF4B-00C04F79EFBC}") = "Presents", "Presents\Presents.csproj", "{651815EE-99AA-486E-AE8F-CC9127C0AD76}"
EndProject
Project("{FAE04EC0-301F-11D3-BF4B-00C04F79EFBC}") = "BeautifulMatrix", "BeautifulMatrix\BeautifulMatrix.csproj", "{689142FB-B43D-44B5-960C-A42F18E468E1}"
EndProject
Project("{FAE04EC0-301F-11D3-BF4B-00C04F79EFBC}") = "ArrivalOfTheGeneral", "ArrivalOfTheGeneral\ArrivalOfTheGeneral.csproj", "{86D5F834-02C5-43DF-86F0-D8E089ABEF5D}"
EndProject
Project("{FAE04EC0-301F-11D3-BF4B-00C04F79EFBC}") = "GameWithSticks", "GameWithSticks\GameWithSticks.csproj", "{5C62D414-128E-4665-B92F-C8C66E742773}"
EndProject
Project("{FAE04EC0-301F-11D3-BF4B-00C04F79EFBC}") = "Games", "Games\Games.csproj", "{71D46824-EA56-48B0-B600-5F241FC560B3}"
EndProject
Project("{FAE04EC0-301F-11D3-BF4B-00C04F79EFBC}") = "Dubstep", "Dubstep\Dubstep.csproj", "{7455477C-FF12-4B76-9E21-E6FB07E505FB}"
EndProject
Project("{FAE04EC0-301F-11D3-BF4B-00C04F79EFBC}") = "YoungPhysicist", "YoungPhysicist\YoungPhysicist.csproj", "{446B3D9C-4759-49ED-A820-9B729A73AFC0}"
EndProject
Project("{FAE04EC0-301F-11D3-BF4B-00C04F79EFBC}") = "Puzzles", "Puzzles\Puzzles.csproj", "{C6FF30EF-D3C6-4425-8DAB-A25F8DE6A189}"
EndProject
Project("{FAE04EC0-301F-11D3-BF4B-00C04F79EFBC}") = "Expression", "Expression\Expression.csproj", "{F68C920D-FD13-4479-B637-E9A5F9E078D1}"
EndProject
Project("{FAE04EC0-301F-11D3-BF4B-00C04F79EFBC}") = "AntonAndLetters", "AntonAndLetters\AntonAndLetters.csproj", "{53B581F6-9B1A-408B-9EF9-78AAC76AE985}"
EndProject
Project("{FAE04EC0-301F-11D3-BF4B-00C04F79EFBC}") = "IWannaBeTheGuy", "IWannaBeTheGue\IWannaBeTheGuy.csproj", "{E1A81921-AF63-45F5-A8C2-2D9E56EA30CB}"
EndProject
Project("{FAE04EC0-301F-11D3-BF4B-00C04F79EFBC}") = "EvenOdds", "EvenOdds\EvenOdds.csproj", "{7A8BFE98-C018-4516-8D1A-2E544F63ED5C}"
EndProject
Project("{FAE04EC0-301F-11D3-BF4B-00C04F79EFBC}") = "CheapTravel", "CheapTravel\CheapTravel.csproj", "{B5F0EBE9-1DE1-41C3-9ECD-F21E7374BF81}"
EndProject
Project("{FAE04EC0-301F-11D3-BF4B-00C04F79EFBC}") = "IlyaAndBankAccount", "IlyaAndBankAccount\IlyaAndBankAccount.csproj", "{3117C9C1-79DE-4154-B3C6-5EF29C991EE1}"
EndProject
Project("{FAE04EC0-301F-11D3-BF4B-00C04F79EFBC}") = "PashmakAndGarden", "PashmakAndGarden\PashmakAndGarden.csproj", "{5325CA94-DCC1-4ACE-BEDE-85E2BC659B7E}"
EndProject
Project("{FAE04EC0-301F-11D3-BF4B-00C04F79EFBC}") = "Dragons", "Dragons\Dragons.csproj", "{8A320DA8-4C51-49B0-AD64-C66777625076}"
EndProject
Global
	GlobalSection(SolutionConfigurationPlatforms) = preSolution
		Debug|Any CPU = Debug|Any CPU
		Release|Any CPU = Release|Any CPU
	EndGlobalSection
	GlobalSection(ProjectConfigurationPlatforms) = postSolution
		{F16A9269-3848-45F3-AA2B-074B4EDC685F}.Debug|Any CPU.ActiveCfg = Debug|Any CPU
		{F16A9269-3848-45F3-AA2B-074B4EDC685F}.Debug|Any CPU.Build.0 = Debug|Any CPU
		{F16A9269-3848-45F3-AA2B-074B4EDC685F}.Release|Any CPU.ActiveCfg = Release|Any CPU
		{F16A9269-3848-45F3-AA2B-074B4EDC685F}.Release|Any CPU.Build.0 = Release|Any CPU
		{8732FB8A-DD23-40A8-A34C-3A34D9BBDA59}.Debug|Any CPU.ActiveCfg = Debug|Any CPU
		{8732FB8A-DD23-40A8-A34C-3A34D9BBDA59}.Debug|Any CPU.Build.0 = Debug|Any CPU
		{8732FB8A-DD23-40A8-A34C-3A34D9BBDA59}.Release|Any CPU.ActiveCfg = Release|Any CPU
		{8732FB8A-DD23-40A8-A34C-3A34D9BBDA59}.Release|Any CPU.Build.0 = Release|Any CPU
		{0EA8EC8E-CAAC-4FFA-8A04-2E0E8BF7BE50}.Debug|Any CPU.ActiveCfg = Debug|Any CPU
		{0EA8EC8E-CAAC-4FFA-8A04-2E0E8BF7BE50}.Debug|Any CPU.Build.0 = Debug|Any CPU
		{0EA8EC8E-CAAC-4FFA-8A04-2E0E8BF7BE50}.Release|Any CPU.ActiveCfg = Release|Any CPU
		{0EA8EC8E-CAAC-4FFA-8A04-2E0E8BF7BE50}.Release|Any CPU.Build.0 = Release|Any CPU
		{7071F8DE-D3AE-4D8F-9005-E66EF9C0E381}.Debug|Any CPU.ActiveCfg = Debug|Any CPU
		{7071F8DE-D3AE-4D8F-9005-E66EF9C0E381}.Debug|Any CPU.Build.0 = Debug|Any CPU
		{7071F8DE-D3AE-4D8F-9005-E66EF9C0E381}.Release|Any CPU.ActiveCfg = Release|Any CPU
		{7071F8DE-D3AE-4D8F-9005-E66EF9C0E381}.Release|Any CPU.Build.0 = Release|Any CPU
		{DB41F536-DB01-4A44-8A6C-CB407B8A8504}.Debug|Any CPU.ActiveCfg = Debug|Any CPU
		{DB41F536-DB01-4A44-8A6C-CB407B8A8504}.Debug|Any CPU.Build.0 = Debug|Any CPU
		{DB41F536-DB01-4A44-8A6C-CB407B8A8504}.Release|Any CPU.ActiveCfg = Release|Any CPU
		{DB41F536-DB01-4A44-8A6C-CB407B8A8504}.Release|Any CPU.Build.0 = Release|Any CPU
		{56A6DBDC-33E0-4FD3-8A31-FDB08406BB17}.Debug|Any CPU.ActiveCfg = Debug|Any CPU
		{56A6DBDC-33E0-4FD3-8A31-FDB08406BB17}.Debug|Any CPU.Build.0 = Debug|Any CPU
		{56A6DBDC-33E0-4FD3-8A31-FDB08406BB17}.Release|Any CPU.ActiveCfg = Release|Any CPU
		{56A6DBDC-33E0-4FD3-8A31-FDB08406BB17}.Release|Any CPU.Build.0 = Release|Any CPU
		{B4DF9C98-24E3-4285-8EA9-DCD629701CE5}.Debug|Any CPU.ActiveCfg = Debug|Any CPU
		{B4DF9C98-24E3-4285-8EA9-DCD629701CE5}.Debug|Any CPU.Build.0 = Debug|Any CPU
		{B4DF9C98-24E3-4285-8EA9-DCD629701CE5}.Release|Any CPU.ActiveCfg = Release|Any CPU
		{B4DF9C98-24E3-4285-8EA9-DCD629701CE5}.Release|Any CPU.Build.0 = Release|Any CPU
		{EFD74C64-B42B-42B0-AD58-8F260C4E7D70}.Debug|Any CPU.ActiveCfg = Debug|Any CPU
		{EFD74C64-B42B-42B0-AD58-8F260C4E7D70}.Debug|Any CPU.Build.0 = Debug|Any CPU
		{EFD74C64-B42B-42B0-AD58-8F260C4E7D70}.Release|Any CPU.ActiveCfg = Release|Any CPU
		{EFD74C64-B42B-42B0-AD58-8F260C4E7D70}.Release|Any CPU.Build.0 = Release|Any CPU
		{651815EE-99AA-486E-AE8F-CC9127C0AD76}.Debug|Any CPU.ActiveCfg = Debug|Any CPU
		{651815EE-99AA-486E-AE8F-CC9127C0AD76}.Debug|Any CPU.Build.0 = Debug|Any CPU
		{651815EE-99AA-486E-AE8F-CC9127C0AD76}.Release|Any CPU.ActiveCfg = Release|Any CPU
		{651815EE-99AA-486E-AE8F-CC9127C0AD76}.Release|Any CPU.Build.0 = Release|Any CPU
		{689142FB-B43D-44B5-960C-A42F18E468E1}.Debug|Any CPU.ActiveCfg = Debug|Any CPU
		{689142FB-B43D-44B5-960C-A42F18E468E1}.Debug|Any CPU.Build.0 = Debug|Any CPU
		{689142FB-B43D-44B5-960C-A42F18E468E1}.Release|Any CPU.ActiveCfg = Release|Any CPU
		{689142FB-B43D-44B5-960C-A42F18E468E1}.Release|Any CPU.Build.0 = Release|Any CPU
		{86D5F834-02C5-43DF-86F0-D8E089ABEF5D}.Debug|Any CPU.ActiveCfg = Debug|Any CPU
		{86D5F834-02C5-43DF-86F0-D8E089ABEF5D}.Debug|Any CPU.Build.0 = Debug|Any CPU
		{86D5F834-02C5-43DF-86F0-D8E089ABEF5D}.Release|Any CPU.ActiveCfg = Release|Any CPU
		{86D5F834-02C5-43DF-86F0-D8E089ABEF5D}.Release|Any CPU.Build.0 = Release|Any CPU
		{5C62D414-128E-4665-B92F-C8C66E742773}.Debug|Any CPU.ActiveCfg = Debug|Any CPU
		{5C62D414-128E-4665-B92F-C8C66E742773}.Debug|Any CPU.Build.0 = Debug|Any CPU
		{5C62D414-128E-4665-B92F-C8C66E742773}.Release|Any CPU.ActiveCfg = Release|Any CPU
		{5C62D414-128E-4665-B92F-C8C66E742773}.Release|Any CPU.Build.0 = Release|Any CPU
		{71D46824-EA56-48B0-B600-5F241FC560B3}.Debug|Any CPU.ActiveCfg = Debug|Any CPU
		{71D46824-EA56-48B0-B600-5F241FC560B3}.Debug|Any CPU.Build.0 = Debug|Any CPU
		{71D46824-EA56-48B0-B600-5F241FC560B3}.Release|Any CPU.ActiveCfg = Release|Any CPU
		{71D46824-EA56-48B0-B600-5F241FC560B3}.Release|Any CPU.Build.0 = Release|Any CPU
		{7455477C-FF12-4B76-9E21-E6FB07E505FB}.Debug|Any CPU.ActiveCfg = Debug|Any CPU
		{7455477C-FF12-4B76-9E21-E6FB07E505FB}.Debug|Any CPU.Build.0 = Debug|Any CPU
		{7455477C-FF12-4B76-9E21-E6FB07E505FB}.Release|Any CPU.ActiveCfg = Release|Any CPU
		{7455477C-FF12-4B76-9E21-E6FB07E505FB}.Release|Any CPU.Build.0 = Release|Any CPU
		{446B3D9C-4759-49ED-A820-9B729A73AFC0}.Debug|Any CPU.ActiveCfg = Debug|Any CPU
		{446B3D9C-4759-49ED-A820-9B729A73AFC0}.Debug|Any CPU.Build.0 = Debug|Any CPU
		{446B3D9C-4759-49ED-A820-9B729A73AFC0}.Release|Any CPU.ActiveCfg = Release|Any CPU
		{446B3D9C-4759-49ED-A820-9B729A73AFC0}.Release|Any CPU.Build.0 = Release|Any CPU
		{C6FF30EF-D3C6-4425-8DAB-A25F8DE6A189}.Debug|Any CPU.ActiveCfg = Debug|Any CPU
		{C6FF30EF-D3C6-4425-8DAB-A25F8DE6A189}.Debug|Any CPU.Build.0 = Debug|Any CPU
		{C6FF30EF-D3C6-4425-8DAB-A25F8DE6A189}.Release|Any CPU.ActiveCfg = Release|Any CPU
		{C6FF30EF-D3C6-4425-8DAB-A25F8DE6A189}.Release|Any CPU.Build.0 = Release|Any CPU
		{F68C920D-FD13-4479-B637-E9A5F9E078D1}.Debug|Any CPU.ActiveCfg = Debug|Any CPU
		{F68C920D-FD13-4479-B637-E9A5F9E078D1}.Debug|Any CPU.Build.0 = Debug|Any CPU
		{F68C920D-FD13-4479-B637-E9A5F9E078D1}.Release|Any CPU.ActiveCfg = Release|Any CPU
		{F68C920D-FD13-4479-B637-E9A5F9E078D1}.Release|Any CPU.Build.0 = Release|Any CPU
		{53B581F6-9B1A-408B-9EF9-78AAC76AE985}.Debug|Any CPU.ActiveCfg = Debug|Any CPU
		{53B581F6-9B1A-408B-9EF9-78AAC76AE985}.Debug|Any CPU.Build.0 = Debug|Any CPU
		{53B581F6-9B1A-408B-9EF9-78AAC76AE985}.Release|Any CPU.ActiveCfg = Release|Any CPU
		{53B581F6-9B1A-408B-9EF9-78AAC76AE985}.Release|Any CPU.Build.0 = Release|Any CPU
		{E1A81921-AF63-45F5-A8C2-2D9E56EA30CB}.Debug|Any CPU.ActiveCfg = Debug|Any CPU
		{E1A81921-AF63-45F5-A8C2-2D9E56EA30CB}.Debug|Any CPU.Build.0 = Debug|Any CPU
		{E1A81921-AF63-45F5-A8C2-2D9E56EA30CB}.Release|Any CPU.ActiveCfg = Release|Any CPU
		{E1A81921-AF63-45F5-A8C2-2D9E56EA30CB}.Release|Any CPU.Build.0 = Release|Any CPU
		{7A8BFE98-C018-4516-8D1A-2E544F63ED5C}.Debug|Any CPU.ActiveCfg = Debug|Any CPU
		{7A8BFE98-C018-4516-8D1A-2E544F63ED5C}.Debug|Any CPU.Build.0 = Debug|Any CPU
		{7A8BFE98-C018-4516-8D1A-2E544F63ED5C}.Release|Any CPU.ActiveCfg = Release|Any CPU
		{7A8BFE98-C018-4516-8D1A-2E544F63ED5C}.Release|Any CPU.Build.0 = Release|Any CPU
		{B5F0EBE9-1DE1-41C3-9ECD-F21E7374BF81}.Debug|Any CPU.ActiveCfg = Debug|Any CPU
		{B5F0EBE9-1DE1-41C3-9ECD-F21E7374BF81}.Debug|Any CPU.Build.0 = Debug|Any CPU
		{B5F0EBE9-1DE1-41C3-9ECD-F21E7374BF81}.Release|Any CPU.ActiveCfg = Release|Any CPU
		{B5F0EBE9-1DE1-41C3-9ECD-F21E7374BF81}.Release|Any CPU.Build.0 = Release|Any CPU
		{3117C9C1-79DE-4154-B3C6-5EF29C991EE1}.Debug|Any CPU.ActiveCfg = Debug|Any CPU
		{3117C9C1-79DE-4154-B3C6-5EF29C991EE1}.Debug|Any CPU.Build.0 = Debug|Any CPU
		{3117C9C1-79DE-4154-B3C6-5EF29C991EE1}.Release|Any CPU.ActiveCfg = Release|Any CPU
		{3117C9C1-79DE-4154-B3C6-5EF29C991EE1}.Release|Any CPU.Build.0 = Release|Any CPU
		{5325CA94-DCC1-4ACE-BEDE-85E2BC659B7E}.Debug|Any CPU.ActiveCfg = Debug|Any CPU
		{5325CA94-DCC1-4ACE-BEDE-85E2BC659B7E}.Debug|Any CPU.Build.0 = Debug|Any CPU
		{5325CA94-DCC1-4ACE-BEDE-85E2BC659B7E}.Release|Any CPU.ActiveCfg = Release|Any CPU
		{5325CA94-DCC1-4ACE-BEDE-85E2BC659B7E}.Release|Any CPU.Build.0 = Release|Any CPU
		{8A320DA8-4C51-49B0-AD64-C66777625076}.Debug|Any CPU.ActiveCfg = Debug|Any CPU
		{8A320DA8-4C51-49B0-AD64-C66777625076}.Debug|Any CPU.Build.0 = Debug|Any CPU
		{8A320DA8-4C51-49B0-AD64-C66777625076}.Release|Any CPU.ActiveCfg = Release|Any CPU
		{8A320DA8-4C51-49B0-AD64-C66777625076}.Release|Any CPU.Build.0 = Release|Any CPU
	EndGlobalSection
EndGlobal
